
Microsoft Visual Studio Solution File, Format Version 12.00
# Visual Studio Version 16
VisualStudioVersion = 16.0.31624.102
MinimumVisualStudioVersion = 10.0.40219.1
Project("{FAE04EC0-301F-11D3-BF4B-00C04F79EFBC}") = "ClothesForHandsMVVM", "ClothesForHandsMVVM.csproj", "{F793C003-4292-4AB2-899F-91C71FBBC1E0}"
EndProject
Project("{FAE04EC0-301F-11D3-BF4B-00C04F79EFBC}") = "ClothesForHandsMVVMTests", "..\ClothesForHandsMVVMTests\ClothesForHandsMVVMTests.csproj", "{6751A320-9708-41B2-B344-B5435785FAFF}"
EndProject
Global
	GlobalSection(SolutionConfigurationPlatforms) = preSolution
		Debug|Any CPU = Debug|Any CPU
		Debug|x64 = Debug|x64
		Release|Any CPU = Release|Any CPU
		Release|x64 = Release|x64
	EndGlobalSection
	GlobalSection(ProjectConfigurationPlatforms) = postSolution
		{F793C003-4292-4AB2-899F-91C71FBBC1E0}.Debug|Any CPU.ActiveCfg = Debug|Any CPU
		{F793C003-4292-4AB2-899F-91C71FBBC1E0}.Debug|Any CPU.Build.0 = Debug|Any CPU
		{F793C003-4292-4AB2-899F-91C71FBBC1E0}.Debug|x64.ActiveCfg = Debug|Any CPU
		{F793C003-4292-4AB2-899F-91C71FBBC1E0}.Debug|x64.Build.0 = Debug|Any CPU
		{F793C003-4292-4AB2-899F-91C71FBBC1E0}.Release|Any CPU.ActiveCfg = Release|Any CPU
		{F793C003-4292-4AB2-899F-91C71FBBC1E0}.Release|Any CPU.Build.0 = Release|Any CPU
		{F793C003-4292-4AB2-899F-91C71FBBC1E0}.Release|x64.ActiveCfg = Release|Any CPU
		{6751A320-9708-41B2-B344-B5435785FAFF}.Debug|Any CPU.ActiveCfg = Debug|Any CPU
		{6751A320-9708-41B2-B344-B5435785FAFF}.Debug|Any CPU.Build.0 = Debug|Any CPU
		{6751A320-9708-41B2-B344-B5435785FAFF}.Debug|x64.ActiveCfg = Debug|Any CPU
		{6751A320-9708-41B2-B344-B5435785FAFF}.Debug|x64.Build.0 = Debug|Any CPU
		{6751A320-9708-41B2-B344-B5435785FAFF}.Release|Any CPU.ActiveCfg = Release|Any CPU
		{6751A320-9708-41B2-B344-B5435785FAFF}.Release|Any CPU.Build.0 = Release|Any CPU
		{6751A320-9708-41B2-B344-B5435785FAFF}.Release|x64.ActiveCfg = Release|Any CPU
		{6751A320-9708-41B2-B344-B5435785FAFF}.Release|x64.Build.0 = Release|Any CPU
	EndGlobalSection
	GlobalSection(SolutionProperties) = preSolution
		HideSolutionNode = FALSE
	EndGlobalSection
	GlobalSection(ExtensibilityGlobals) = postSolution
		SolutionGuid = {69A5846A-70FE-4EC4-A9DF-7888CB3BC554}
	EndGlobalSection
EndGlobal
